// !$*UTF8*$!
{
	archiveVersion = 1;
	classes = {
	};
	objectVersion = 46;
	objects = {

/* Begin PBXBuildFile section */
		840144A81D460F1B00A27664 /* AppDelegate.swift in Sources */ = {isa = PBXBuildFile; fileRef = 840144A71D460F1B00A27664 /* AppDelegate.swift */; };
		840144AB1D460F1B00A27664 /* MattsSwiftSamples.xcdatamodeld in Sources */ = {isa = PBXBuildFile; fileRef = 840144A91D460F1B00A27664 /* MattsSwiftSamples.xcdatamodeld */; };
		840144AD1D460F1B00A27664 /* MasterViewController.swift in Sources */ = {isa = PBXBuildFile; fileRef = 840144AC1D460F1B00A27664 /* MasterViewController.swift */; };
		840144AF1D460F1B00A27664 /* DetailViewController.swift in Sources */ = {isa = PBXBuildFile; fileRef = 840144AE1D460F1B00A27664 /* DetailViewController.swift */; };
		840144B21D460F1B00A27664 /* Main.storyboard in Resources */ = {isa = PBXBuildFile; fileRef = 840144B01D460F1B00A27664 /* Main.storyboard */; };
		840144B41D460F1B00A27664 /* Assets.xcassets in Resources */ = {isa = PBXBuildFile; fileRef = 840144B31D460F1B00A27664 /* Assets.xcassets */; };
		840144B71D460F1B00A27664 /* LaunchScreen.storyboard in Resources */ = {isa = PBXBuildFile; fileRef = 840144B51D460F1B00A27664 /* LaunchScreen.storyboard */; };
		840144C31D46135B00A27664 /* SparkButton.swift in Sources */ = {isa = PBXBuildFile; fileRef = 840144C11D46135B00A27664 /* SparkButton.swift */; };
		840144C41D46135B00A27664 /* SparkView.swift in Sources */ = {isa = PBXBuildFile; fileRef = 840144C21D46135B00A27664 /* SparkView.swift */; };
		840144C71D46149E00A27664 /* CoreDataManager.swift in Sources */ = {isa = PBXBuildFile; fileRef = 840144C61D46149E00A27664 /* CoreDataManager.swift */; };
		840144C91D4616E800A27664 /* SparkButtonViewController.swift in Sources */ = {isa = PBXBuildFile; fileRef = 840144C81D4616E800A27664 /* SparkButtonViewController.swift */; };
		84EF60721D46484300AECEB7 /* DetailProvider.swift in Sources */ = {isa = PBXBuildFile; fileRef = 84EF60711D46484300AECEB7 /* DetailProvider.swift */; };
		84EF609D1D4754BE00AECEB7 /* SparkButton.storyboard in Resources */ = {isa = PBXBuildFile; fileRef = 84EF609C1D4754BE00AECEB7 /* SparkButton.storyboard */; };
		84EF60A21D47563800AECEB7 /* TokenInputViewController.swift in Sources */ = {isa = PBXBuildFile; fileRef = 84EF60A11D47563800AECEB7 /* TokenInputViewController.swift */; };
		84EF60A61D4756CC00AECEB7 /* TokenInputView.swift in Sources */ = {isa = PBXBuildFile; fileRef = 84EF60A51D4756CC00AECEB7 /* TokenInputView.swift */; };
		84EF60A81D4765A000AECEB7 /* TokenInput.storyboard in Resources */ = {isa = PBXBuildFile; fileRef = 84EF60A71D4765A000AECEB7 /* TokenInput.storyboard */; };
		84EF60AB1D476A5C00AECEB7 /* PaddingLabel.swift in Sources */ = {isa = PBXBuildFile; fileRef = 84EF60AA1D476A5C00AECEB7 /* PaddingLabel.swift */; };
		84EF60B01D479DDA00AECEB7 /* UIColors.swift in Sources */ = {isa = PBXBuildFile; fileRef = 84EF60AF1D479DDA00AECEB7 /* UIColors.swift */; };
		84EF60B21D47A3DB00AECEB7 /* TokenView.swift in Sources */ = {isa = PBXBuildFile; fileRef = 84EF60B11D47A3DB00AECEB7 /* TokenView.swift */; };
		84EF60B41D47A52600AECEB7 /* Token.swift in Sources */ = {isa = PBXBuildFile; fileRef = 84EF60B31D47A52600AECEB7 /* Token.swift */; };
		84EF60B61D48FC2B00AECEB7 /* BackspaceDetectingTextField.swift in Sources */ = {isa = PBXBuildFile; fileRef = 84EF60B51D48FC2B00AECEB7 /* BackspaceDetectingTextField.swift */; };
		84EF60B81D4A351000AECEB7 /* Licence in Resources */ = {isa = PBXBuildFile; fileRef = 84EF60B71D4A351000AECEB7 /* Licence */; };
/* End PBXBuildFile section */

/* Begin PBXFileReference section */
		840144A41D460F1B00A27664 /* MattsSwiftSamples.app */ = {isa = PBXFileReference; explicitFileType = wrapper.application; includeInIndex = 0; path = MattsSwiftSamples.app; sourceTree = BUILT_PRODUCTS_DIR; };
		840144A71D460F1B00A27664 /* AppDelegate.swift */ = {isa = PBXFileReference; lastKnownFileType = sourcecode.swift; path = AppDelegate.swift; sourceTree = "<group>"; };
		840144AA1D460F1B00A27664 /* MattsSwiftSamples.xcdatamodel */ = {isa = PBXFileReference; lastKnownFileType = wrapper.xcdatamodel; path = MattsSwiftSamples.xcdatamodel; sourceTree = "<group>"; };
		840144AC1D460F1B00A27664 /* MasterViewController.swift */ = {isa = PBXFileReference; lastKnownFileType = sourcecode.swift; path = MasterViewController.swift; sourceTree = "<group>"; };
		840144AE1D460F1B00A27664 /* DetailViewController.swift */ = {isa = PBXFileReference; lastKnownFileType = sourcecode.swift; path = DetailViewController.swift; sourceTree = "<group>"; };
		840144B11D460F1B00A27664 /* Base */ = {isa = PBXFileReference; lastKnownFileType = file.storyboard; name = Base; path = Base.lproj/Main.storyboard; sourceTree = "<group>"; };
		840144B31D460F1B00A27664 /* Assets.xcassets */ = {isa = PBXFileReference; lastKnownFileType = folder.assetcatalog; path = Assets.xcassets; sourceTree = "<group>"; };
		840144B61D460F1B00A27664 /* Base */ = {isa = PBXFileReference; lastKnownFileType = file.storyboard; name = Base; path = Base.lproj/LaunchScreen.storyboard; sourceTree = "<group>"; };
		840144B81D460F1B00A27664 /* Info.plist */ = {isa = PBXFileReference; lastKnownFileType = text.plist.xml; path = Info.plist; sourceTree = "<group>"; };
		840144C11D46135B00A27664 /* SparkButton.swift */ = {isa = PBXFileReference; fileEncoding = 4; lastKnownFileType = sourcecode.swift; name = SparkButton.swift; path = Details/SparkButton/SparkButton.swift; sourceTree = "<group>"; };
		840144C21D46135B00A27664 /* SparkView.swift */ = {isa = PBXFileReference; fileEncoding = 4; lastKnownFileType = sourcecode.swift; name = SparkView.swift; path = Details/SparkButton/SparkView.swift; sourceTree = "<group>"; };
		840144C61D46149E00A27664 /* CoreDataManager.swift */ = {isa = PBXFileReference; fileEncoding = 4; lastKnownFileType = sourcecode.swift; name = CoreDataManager.swift; path = Misc/CoreDataManager.swift; sourceTree = "<group>"; };
		840144C81D4616E800A27664 /* SparkButtonViewController.swift */ = {isa = PBXFileReference; fileEncoding = 4; lastKnownFileType = sourcecode.swift; name = SparkButtonViewController.swift; path = Details/SparkButton/SparkButtonViewController.swift; sourceTree = "<group>"; };
		84EF60711D46484300AECEB7 /* DetailProvider.swift */ = {isa = PBXFileReference; fileEncoding = 4; lastKnownFileType = sourcecode.swift; path = DetailProvider.swift; sourceTree = "<group>"; };
		84EF609C1D4754BE00AECEB7 /* SparkButton.storyboard */ = {isa = PBXFileReference; fileEncoding = 4; lastKnownFileType = file.storyboard; name = SparkButton.storyboard; path = Details/SparkButton/SparkButton.storyboard; sourceTree = "<group>"; };
		84EF60A11D47563800AECEB7 /* TokenInputViewController.swift */ = {isa = PBXFileReference; fileEncoding = 4; lastKnownFileType = sourcecode.swift; path = TokenInputViewController.swift; sourceTree = "<group>"; };
		84EF60A51D4756CC00AECEB7 /* TokenInputView.swift */ = {isa = PBXFileReference; fileEncoding = 4; lastKnownFileType = sourcecode.swift; path = TokenInputView.swift; sourceTree = "<group>"; };
		84EF60A71D4765A000AECEB7 /* TokenInput.storyboard */ = {isa = PBXFileReference; fileEncoding = 4; lastKnownFileType = file.storyboard; path = TokenInput.storyboard; sourceTree = "<group>"; };
		84EF60AA1D476A5C00AECEB7 /* PaddingLabel.swift */ = {isa = PBXFileReference; fileEncoding = 4; lastKnownFileType = sourcecode.swift; name = PaddingLabel.swift; path = Libs/PaddingLabel.swift; sourceTree = "<group>"; };
		84EF60AF1D479DDA00AECEB7 /* UIColors.swift */ = {isa = PBXFileReference; fileEncoding = 4; lastKnownFileType = sourcecode.swift; name = UIColors.swift; path = Extensions/UIColors.swift; sourceTree = "<group>"; };
		84EF60B11D47A3DB00AECEB7 /* TokenView.swift */ = {isa = PBXFileReference; fileEncoding = 4; lastKnownFileType = sourcecode.swift; name = TokenView.swift; path = TokenInputView/TokenView.swift; sourceTree = "<group>"; };
		84EF60B31D47A52600AECEB7 /* Token.swift */ = {isa = PBXFileReference; fileEncoding = 4; lastKnownFileType = sourcecode.swift; path = Token.swift; sourceTree = "<group>"; };
		84EF60B51D48FC2B00AECEB7 /* BackspaceDetectingTextField.swift */ = {isa = PBXFileReference; fileEncoding = 4; lastKnownFileType = sourcecode.swift; name = BackspaceDetectingTextField.swift; path = Libs/BackspaceDetectingTextField.swift; sourceTree = "<group>"; };
		84EF60B71D4A351000AECEB7 /* Licence */ = {isa = PBXFileReference; fileEncoding = 4; lastKnownFileType = text; path = Licence; sourceTree = "<group>"; };
/* End PBXFileReference section */

/* Begin PBXFrameworksBuildPhase section */
		840144A11D460F1B00A27664 /* Frameworks */ = {
			isa = PBXFrameworksBuildPhase;
			buildActionMask = 2147483647;
			files = (
			);
			runOnlyForDeploymentPostprocessing = 0;
		};
/* End PBXFrameworksBuildPhase section */

/* Begin PBXGroup section */
		8401449B1D460F1B00A27664 = {
			isa = PBXGroup;
			children = (
				84EF60B71D4A351000AECEB7 /* Licence */,
				840144A61D460F1B00A27664 /* MattsSwiftSamples */,
				840144A51D460F1B00A27664 /* Products */,
			);
			sourceTree = "<group>";
		};
		840144A51D460F1B00A27664 /* Products */ = {
			isa = PBXGroup;
			children = (
				840144A41D460F1B00A27664 /* MattsSwiftSamples.app */,
			);
			name = Products;
			sourceTree = "<group>";
		};
		840144A61D460F1B00A27664 /* MattsSwiftSamples */ = {
			isa = PBXGroup;
			children = (
				84EF60AC1D479DB600AECEB7 /* Extensions */,
				84EF60A91D476A2D00AECEB7 /* Libs */,
				84EF606E1D46460700AECEB7 /* Controller */,
				840144C51D46148000A27664 /* Misc */,
				840144C01D46117100A27664 /* Master */,
				840144BF1D46116000A27664 /* Details */,
			);
			path = MattsSwiftSamples;
			sourceTree = "<group>";
		};
		840144BE1D46115500A27664 /* SparkButtons */ = {
			isa = PBXGroup;
			children = (
				840144C81D4616E800A27664 /* SparkButtonViewController.swift */,
				840144C11D46135B00A27664 /* SparkButton.swift */,
				840144C21D46135B00A27664 /* SparkView.swift */,
				84EF609C1D4754BE00AECEB7 /* SparkButton.storyboard */,
			);
			name = SparkButtons;
			sourceTree = "<group>";
		};
		840144BF1D46116000A27664 /* Details */ = {
			isa = PBXGroup;
			children = (
				840144AE1D460F1B00A27664 /* DetailViewController.swift */,
				84EF60A01D47563800AECEB7 /* TokenInput */,
				840144BE1D46115500A27664 /* SparkButtons */,
			);
			name = Details;
			sourceTree = "<group>";
		};
		840144C01D46117100A27664 /* Master */ = {
			isa = PBXGroup;
			children = (
				84EF60711D46484300AECEB7 /* DetailProvider.swift */,
				840144AC1D460F1B00A27664 /* MasterViewController.swift */,
				840144B01D460F1B00A27664 /* Main.storyboard */,
				840144B31D460F1B00A27664 /* Assets.xcassets */,
				840144B51D460F1B00A27664 /* LaunchScreen.storyboard */,
				840144A91D460F1B00A27664 /* MattsSwiftSamples.xcdatamodeld */,
				840144A71D460F1B00A27664 /* AppDelegate.swift */,
				840144B81D460F1B00A27664 /* Info.plist */,
			);
			name = Master;
			sourceTree = "<group>";
		};
		840144C51D46148000A27664 /* Misc */ = {
			isa = PBXGroup;
			children = (
				840144C61D46149E00A27664 /* CoreDataManager.swift */,
			);
			name = Misc;
			sourceTree = "<group>";
		};
		84EF606E1D46460700AECEB7 /* Controller */ = {
			isa = PBXGroup;
			children = (
			);
			name = Controller;
			sourceTree = "<group>";
		};
		84EF60A01D47563800AECEB7 /* TokenInput */ = {
			isa = PBXGroup;
			children = (
				84EF60A31D47563D00AECEB7 /* TokenInputView */,
				84EF60A11D47563800AECEB7 /* TokenInputViewController.swift */,
				84EF60A71D4765A000AECEB7 /* TokenInput.storyboard */,
				84EF60B31D47A52600AECEB7 /* Token.swift */,
			);
			name = TokenInput;
			path = Details/TokenInput;
			sourceTree = "<group>";
		};
		84EF60A31D47563D00AECEB7 /* TokenInputView */ = {
			isa = PBXGroup;
			children = (
				84EF60A51D4756CC00AECEB7 /* TokenInputView.swift */,
				84EF60B11D47A3DB00AECEB7 /* TokenView.swift */,
			);
			name = TokenInputView;
			sourceTree = "<group>";
		};
		84EF60A91D476A2D00AECEB7 /* Libs */ = {
			isa = PBXGroup;
			children = (
				84EF60AA1D476A5C00AECEB7 /* PaddingLabel.swift */,
				84EF60B51D48FC2B00AECEB7 /* BackspaceDetectingTextField.swift */,
			);
			name = Libs;
			sourceTree = "<group>";
		};
		84EF60AC1D479DB600AECEB7 /* Extensions */ = {
			isa = PBXGroup;
			children = (
				84EF60AF1D479DDA00AECEB7 /* UIColors.swift */,
			);
			name = Extensions;
			sourceTree = "<group>";
		};
/* End PBXGroup section */

/* Begin PBXNativeTarget section */
		840144A31D460F1B00A27664 /* MattsSwiftSamples */ = {
			isa = PBXNativeTarget;
			buildConfigurationList = 840144BB1D460F1B00A27664 /* Build configuration list for PBXNativeTarget "MattsSwiftSamples" */;
			buildPhases = (
				840144A01D460F1B00A27664 /* Sources */,
				840144A11D460F1B00A27664 /* Frameworks */,
				840144A21D460F1B00A27664 /* Resources */,
			);
			buildRules = (
			);
			dependencies = (
			);
			name = MattsSwiftSamples;
			productName = MattsSwiftSamples;
			productReference = 840144A41D460F1B00A27664 /* MattsSwiftSamples.app */;
			productType = "com.apple.product-type.application";
		};
/* End PBXNativeTarget section */

/* Begin PBXProject section */
		8401449C1D460F1B00A27664 /* Project object */ = {
			isa = PBXProject;
			attributes = {
				LastSwiftUpdateCheck = 0730;
				LastUpgradeCheck = 0800;
				ORGANIZATIONNAME = "Matthieu Riegler";
				TargetAttributes = {
					840144A31D460F1B00A27664 = {
						CreatedOnToolsVersion = 7.3.1;
					};
				};
			};
			buildConfigurationList = 8401449F1D460F1B00A27664 /* Build configuration list for PBXProject "MattsSwiftSamples" */;
			compatibilityVersion = "Xcode 3.2";
			developmentRegion = English;
			hasScannedForEncodings = 0;
			knownRegions = (
				en,
				Base,
			);
			mainGroup = 8401449B1D460F1B00A27664;
			productRefGroup = 840144A51D460F1B00A27664 /* Products */;
			projectDirPath = "";
			projectRoot = "";
			targets = (
				840144A31D460F1B00A27664 /* MattsSwiftSamples */,
			);
		};
/* End PBXProject section */

/* Begin PBXResourcesBuildPhase section */
		840144A21D460F1B00A27664 /* Resources */ = {
			isa = PBXResourcesBuildPhase;
			buildActionMask = 2147483647;
			files = (
				84EF60A81D4765A000AECEB7 /* TokenInput.storyboard in Resources */,
				840144B71D460F1B00A27664 /* LaunchScreen.storyboard in Resources */,
				84EF60B81D4A351000AECEB7 /* Licence in Resources */,
				840144B41D460F1B00A27664 /* Assets.xcassets in Resources */,
				84EF609D1D4754BE00AECEB7 /* SparkButton.storyboard in Resources */,
				840144B21D460F1B00A27664 /* Main.storyboard in Resources */,
			);
			runOnlyForDeploymentPostprocessing = 0;
		};
/* End PBXResourcesBuildPhase section */

/* Begin PBXSourcesBuildPhase section */
		840144A01D460F1B00A27664 /* Sources */ = {
			isa = PBXSourcesBuildPhase;
			buildActionMask = 2147483647;
			files = (
				84EF60AB1D476A5C00AECEB7 /* PaddingLabel.swift in Sources */,
				84EF60721D46484300AECEB7 /* DetailProvider.swift in Sources */,
				840144A81D460F1B00A27664 /* AppDelegate.swift in Sources */,
				84EF60B01D479DDA00AECEB7 /* UIColors.swift in Sources */,
				840144AB1D460F1B00A27664 /* MattsSwiftSamples.xcdatamodeld in Sources */,
				840144C41D46135B00A27664 /* SparkView.swift in Sources */,
				84EF60B41D47A52600AECEB7 /* Token.swift in Sources */,
				840144AD1D460F1B00A27664 /* MasterViewController.swift in Sources */,
				84EF60A61D4756CC00AECEB7 /* TokenInputView.swift in Sources */,
				840144C31D46135B00A27664 /* SparkButton.swift in Sources */,
				840144C71D46149E00A27664 /* CoreDataManager.swift in Sources */,
				84EF60B61D48FC2B00AECEB7 /* BackspaceDetectingTextField.swift in Sources */,
				84EF60B21D47A3DB00AECEB7 /* TokenView.swift in Sources */,
				84EF60A21D47563800AECEB7 /* TokenInputViewController.swift in Sources */,
				840144C91D4616E800A27664 /* SparkButtonViewController.swift in Sources */,
				840144AF1D460F1B00A27664 /* DetailViewController.swift in Sources */,
			);
			runOnlyForDeploymentPostprocessing = 0;
		};
/* End PBXSourcesBuildPhase section */

/* Begin PBXVariantGroup section */
		840144B01D460F1B00A27664 /* Main.storyboard */ = {
			isa = PBXVariantGroup;
			children = (
				840144B11D460F1B00A27664 /* Base */,
			);
			name = Main.storyboard;
			sourceTree = "<group>";
		};
		840144B51D460F1B00A27664 /* LaunchScreen.storyboard */ = {
			isa = PBXVariantGroup;
			children = (
				840144B61D460F1B00A27664 /* Base */,
			);
			name = LaunchScreen.storyboard;
			sourceTree = "<group>";
		};
/* End PBXVariantGroup section */

/* Begin XCBuildConfiguration section */
		840144B91D460F1B00A27664 /* Debug */ = {
			isa = XCBuildConfiguration;
			buildSettings = {
				ALWAYS_SEARCH_USER_PATHS = NO;
				CLANG_ANALYZER_NONNULL = YES;
				CLANG_CXX_LANGUAGE_STANDARD = "gnu++0x";
				CLANG_CXX_LIBRARY = "libc++";
				CLANG_ENABLE_MODULES = YES;
				CLANG_ENABLE_OBJC_ARC = YES;
				CLANG_WARN_BOOL_CONVERSION = YES;
				CLANG_WARN_CONSTANT_CONVERSION = YES;
				CLANG_WARN_DIRECT_OBJC_ISA_USAGE = YES_ERROR;
				CLANG_WARN_EMPTY_BODY = YES;
				CLANG_WARN_ENUM_CONVERSION = YES;
				CLANG_WARN_INT_CONVERSION = YES;
				CLANG_WARN_OBJC_ROOT_CLASS = YES_ERROR;
				CLANG_WARN_UNREACHABLE_CODE = YES;
				CLANG_WARN__DUPLICATE_METHOD_MATCH = YES;
				"CODE_SIGN_IDENTITY[sdk=iphoneos*]" = "iPhone Developer";
				COPY_PHASE_STRIP = NO;
				DEBUG_INFORMATION_FORMAT = dwarf;
				ENABLE_STRICT_OBJC_MSGSEND = YES;
				ENABLE_TESTABILITY = YES;
				GCC_C_LANGUAGE_STANDARD = gnu99;
				GCC_DYNAMIC_NO_PIC = NO;
				GCC_NO_COMMON_BLOCKS = YES;
				GCC_OPTIMIZATION_LEVEL = 0;
				GCC_PREPROCESSOR_DEFINITIONS = (
					"DEBUG=1",
					"$(inherited)",
				);
				GCC_WARN_64_TO_32_BIT_CONVERSION = YES;
				GCC_WARN_ABOUT_RETURN_TYPE = YES_ERROR;
				GCC_WARN_UNDECLARED_SELECTOR = YES;
				GCC_WARN_UNINITIALIZED_AUTOS = YES_AGGRESSIVE;
				GCC_WARN_UNUSED_FUNCTION = YES;
				GCC_WARN_UNUSED_VARIABLE = YES;
				IPHONEOS_DEPLOYMENT_TARGET = 9.3;
				MTL_ENABLE_DEBUG_INFO = YES;
				ONLY_ACTIVE_ARCH = YES;
				SDKROOT = iphoneos;
				SWIFT_OPTIMIZATION_LEVEL = "-Onone";
				SWIFT_VERSION = 2.3;
				TARGETED_DEVICE_FAMILY = "1,2";
			};
			name = Debug;
		};
		840144BA1D460F1B00A27664 /* Release */ = {
			isa = XCBuildConfiguration;
			buildSettings = {
				ALWAYS_SEARCH_USER_PATHS = NO;
				CLANG_ANALYZER_NONNULL = YES;
				CLANG_CXX_LANGUAGE_STANDARD = "gnu++0x";
				CLANG_CXX_LIBRARY = "libc++";
				CLANG_ENABLE_MODULES = YES;
				CLANG_ENABLE_OBJC_ARC = YES;
				CLANG_WARN_BOOL_CONVERSION = YES;
				CLANG_WARN_CONSTANT_CONVERSION = YES;
				CLANG_WARN_DIRECT_OBJC_ISA_USAGE = YES_ERROR;
				CLANG_WARN_EMPTY_BODY = YES;
				CLANG_WARN_ENUM_CONVERSION = YES;
				CLANG_WARN_INT_CONVERSION = YES;
				CLANG_WARN_OBJC_ROOT_CLASS = YES_ERROR;
				CLANG_WARN_UNREACHABLE_CODE = YES;
				CLANG_WARN__DUPLICATE_METHOD_MATCH = YES;
				"CODE_SIGN_IDENTITY[sdk=iphoneos*]" = "iPhone Developer";
				COPY_PHASE_STRIP = NO;
				DEBUG_INFORMATION_FORMAT = "dwarf-with-dsym";
				ENABLE_NS_ASSERTIONS = NO;
				ENABLE_STRICT_OBJC_MSGSEND = YES;
				GCC_C_LANGUAGE_STANDARD = gnu99;
				GCC_NO_COMMON_BLOCKS = YES;
				GCC_WARN_64_TO_32_BIT_CONVERSION = YES;
				GCC_WARN_ABOUT_RETURN_TYPE = YES_ERROR;
				GCC_WARN_UNDECLARED_SELECTOR = YES;
				GCC_WARN_UNINITIALIZED_AUTOS = YES_AGGRESSIVE;
				GCC_WARN_UNUSED_FUNCTION = YES;
				GCC_WARN_UNUSED_VARIABLE = YES;
				IPHONEOS_DEPLOYMENT_TARGET = 9.3;
				MTL_ENABLE_DEBUG_INFO = NO;
				SDKROOT = iphoneos;
				SWIFT_VERSION = 2.3;
				TARGETED_DEVICE_FAMILY = "1,2";
				VALIDATE_PRODUCT = YES;
			};
			name = Release;
		};
		840144BC1D460F1B00A27664 /* Debug */ = {
			isa = XCBuildConfiguration;
			buildSettings = {
				ASSETCATALOG_COMPILER_APPICON_NAME = AppIcon;
				INFOPLIST_FILE = MattsSwiftSamples/Info.plist;
				LD_RUNPATH_SEARCH_PATHS = "$(inherited) @executable_path/Frameworks";
				PRODUCT_BUNDLE_IDENTIFIER = Kyro.MattsSwiftSamples;
				PRODUCT_NAME = "$(TARGET_NAME)";
				TARGETED_DEVICE_FAMILY = "1,2";
			};
			name = Debug;
		};
		840144BD1D460F1B00A27664 /* Release */ = {
			isa = XCBuildConfiguration;
			buildSettings = {
				ASSETCATALOG_COMPILER_APPICON_NAME = AppIcon;
				INFOPLIST_FILE = MattsSwiftSamples/Info.plist;
				LD_RUNPATH_SEARCH_PATHS = "$(inherited) @executable_path/Frameworks";
				PRODUCT_BUNDLE_IDENTIFIER = Kyro.MattsSwiftSamples;
				PRODUCT_NAME = "$(TARGET_NAME)";
				SWIFT_OPTIMIZATION_LEVEL = "-Owholemodule";
				TARGETED_DEVICE_FAMILY = "1,2";
			};
			name = Release;
		};
/* End XCBuildConfiguration section */

/* Begin XCConfigurationList section */
		8401449F1D460F1B00A27664 /* Build configuration list for PBXProject "MattsSwiftSamples" */ = {
			isa = XCConfigurationList;
			buildConfigurations = (
				840144B91D460F1B00A27664 /* Debug */,
				840144BA1D460F1B00A27664 /* Release */,
			);
			defaultConfigurationIsVisible = 0;
			defaultConfigurationName = Release;
		};
		840144BB1D460F1B00A27664 /* Build configuration list for PBXNativeTarget "MattsSwiftSamples" */ = {
			isa = XCConfigurationList;
			buildConfigurations = (
				840144BC1D460F1B00A27664 /* Debug */,
				840144BD1D460F1B00A27664 /* Release */,
			);
			defaultConfigurationIsVisible = 0;
			defaultConfigurationName = Release;
		};
/* End XCConfigurationList section */

/* Begin XCVersionGroup section */
		840144A91D460F1B00A27664 /* MattsSwiftSamples.xcdatamodeld */ = {
			isa = XCVersionGroup;
			children = (
				840144AA1D460F1B00A27664 /* MattsSwiftSamples.xcdatamodel */,
			);
			currentVersion = 840144AA1D460F1B00A27664 /* MattsSwiftSamples.xcdatamodel */;
			path = MattsSwiftSamples.xcdatamodeld;
			sourceTree = "<group>";
			versionGroupType = wrapper.xcdatamodel;
		};
/* End XCVersionGroup section */
	};
	rootObject = 8401449C1D460F1B00A27664 /* Project object */;
}
